
Microsoft Visual Studio Solution File, Format Version 12.00
# Visual Studio Version 17
VisualStudioVersion = 17.3.32901.215
MinimumVisualStudioVersion = 10.0.40219.1
Project("{FAE04EC0-301F-11D3-BF4B-00C04F79EFBC}") = "RESET-Tools", "RESET-Tools\RESET-Tools.csproj", "{2D1C2AAA-F7A8-4EBC-A352-E167EAA10DB6}"
EndProject
Global
	GlobalSection(SolutionConfigurationPlatforms) = preSolution
		Debug|Any CPU = Debug|Any CPU
		Release|Any CPU = Release|Any CPU
	EndGlobalSection
	GlobalSection(ProjectConfigurationPlatforms) = postSolution
		{2D1C2AAA-F7A8-4EBC-A352-E167EAA10DB6}.Debug|Any CPU.ActiveCfg = Debug|Any CPU
		{2D1C2AAA-F7A8-4EBC-A352-E167EAA10DB6}.Debug|Any CPU.Build.0 = Debug|Any CPU
		{2D1C2AAA-F7A8-4EBC-A352-E167EAA10DB6}.Release|Any CPU.ActiveCfg = Release|Any CPU
		{2D1C2AAA-F7A8-4EBC-A352-E167EAA10DB6}.Release|Any CPU.Build.0 = Release|Any CPU
	EndGlobalSection
	GlobalSection(SolutionProperties) = preSolution
		HideSolutionNode = FALSE
	EndGlobalSection
	GlobalSection(ExtensibilityGlobals) = postSolution
		SolutionGuid = {F65982B7-14D1-43C8-8CFF-DE8CD45267A4}
	EndGlobalSection
EndGlobal
